
Microsoft Visual Studio Solution File, Format Version 12.00
# Visual Studio 15
VisualStudioVersion = 15.0.26124.0
MinimumVisualStudioVersion = 15.0.26124.0
Project("{FAE04EC0-301F-11D3-BF4B-00C04F79EFBC}") = "mathoperations", "mathoperations\mathoperations.csproj", "{BF9E338F-F0B2-4DAB-A4ED-8D34E3725FF2}"
EndProject
Project("{FAE04EC0-301F-11D3-BF4B-00C04F79EFBC}") = "mathoperations.tests", "mathoperations.tests\mathoperations.tests.csproj", "{A82584DF-20D4-4765-AE25-EEA869C2E9FF}"
EndProject
Global
	GlobalSection(SolutionConfigurationPlatforms) = preSolution
		Debug|Any CPU = Debug|Any CPU
		Debug|x64 = Debug|x64
		Debug|x86 = Debug|x86
		Release|Any CPU = Release|Any CPU
		Release|x64 = Release|x64
		Release|x86 = Release|x86
	EndGlobalSection
	GlobalSection(SolutionProperties) = preSolution
		HideSolutionNode = FALSE
	EndGlobalSection
	GlobalSection(ProjectConfigurationPlatforms) = postSolution
		{BF9E338F-F0B2-4DAB-A4ED-8D34E3725FF2}.Debug|Any CPU.ActiveCfg = Debug|Any CPU
		{BF9E338F-F0B2-4DAB-A4ED-8D34E3725FF2}.Debug|Any CPU.Build.0 = Debug|Any CPU
		{BF9E338F-F0B2-4DAB-A4ED-8D34E3725FF2}.Debug|x64.ActiveCfg = Debug|Any CPU
		{BF9E338F-F0B2-4DAB-A4ED-8D34E3725FF2}.Debug|x64.Build.0 = Debug|Any CPU
		{BF9E338F-F0B2-4DAB-A4ED-8D34E3725FF2}.Debug|x86.ActiveCfg = Debug|Any CPU
		{BF9E338F-F0B2-4DAB-A4ED-8D34E3725FF2}.Debug|x86.Build.0 = Debug|Any CPU
		{BF9E338F-F0B2-4DAB-A4ED-8D34E3725FF2}.Release|Any CPU.ActiveCfg = Release|Any CPU
		{BF9E338F-F0B2-4DAB-A4ED-8D34E3725FF2}.Release|Any CPU.Build.0 = Release|Any CPU
		{BF9E338F-F0B2-4DAB-A4ED-8D34E3725FF2}.Release|x64.ActiveCfg = Release|Any CPU
		{BF9E338F-F0B2-4DAB-A4ED-8D34E3725FF2}.Release|x64.Build.0 = Release|Any CPU
		{BF9E338F-F0B2-4DAB-A4ED-8D34E3725FF2}.Release|x86.ActiveCfg = Release|Any CPU
		{BF9E338F-F0B2-4DAB-A4ED-8D34E3725FF2}.Release|x86.Build.0 = Release|Any CPU
		{A82584DF-20D4-4765-AE25-EEA869C2E9FF}.Debug|Any CPU.ActiveCfg = Debug|Any CPU
		{A82584DF-20D4-4765-AE25-EEA869C2E9FF}.Debug|Any CPU.Build.0 = Debug|Any CPU
		{A82584DF-20D4-4765-AE25-EEA869C2E9FF}.Debug|x64.ActiveCfg = Debug|Any CPU
		{A82584DF-20D4-4765-AE25-EEA869C2E9FF}.Debug|x64.Build.0 = Debug|Any CPU
		{A82584DF-20D4-4765-AE25-EEA869C2E9FF}.Debug|x86.ActiveCfg = Debug|Any CPU
		{A82584DF-20D4-4765-AE25-EEA869C2E9FF}.Debug|x86.Build.0 = Debug|Any CPU
		{A82584DF-20D4-4765-AE25-EEA869C2E9FF}.Release|Any CPU.ActiveCfg = Release|Any CPU
		{A82584DF-20D4-4765-AE25-EEA869C2E9FF}.Release|Any CPU.Build.0 = Release|Any CPU
		{A82584DF-20D4-4765-AE25-EEA869C2E9FF}.Release|x64.ActiveCfg = Release|Any CPU
		{A82584DF-20D4-4765-AE25-EEA869C2E9FF}.Release|x64.Build.0 = Release|Any CPU
		{A82584DF-20D4-4765-AE25-EEA869C2E9FF}.Release|x86.ActiveCfg = Release|Any CPU
		{A82584DF-20D4-4765-AE25-EEA869C2E9FF}.Release|x86.Build.0 = Release|Any CPU
	EndGlobalSection
EndGlobal
